
Microsoft Visual Studio Solution File, Format Version 12.00
# Visual Studio 2012
Project("{FAE04EC0-301F-11D3-BF4B-00C04F79EFBC}") = "SASHotkeys", "SASHotkeys.csproj", "{DF576403-1D02-4C3E-818D-97D2B09EC983}"
EndProject
Global
	GlobalSection(SolutionConfigurationPlatforms) = preSolution
		Debug|Any CPU = Debug|Any CPU
		Release|Any CPU = Release|Any CPU
	EndGlobalSection
	GlobalSection(ProjectConfigurationPlatforms) = postSolution
		{DF576403-1D02-4C3E-818D-97D2B09EC983}.Debug|Any CPU.ActiveCfg = Debug|Any CPU
		{DF576403-1D02-4C3E-818D-97D2B09EC983}.Debug|Any CPU.Build.0 = Debug|Any CPU
		{DF576403-1D02-4C3E-818D-97D2B09EC983}.Release|Any CPU.ActiveCfg = Release|Any CPU
		{DF576403-1D02-4C3E-818D-97D2B09EC983}.Release|Any CPU.Build.0 = Release|Any CPU
	EndGlobalSection
EndGlobal
